// !$*UTF8*$!
{
	archiveVersion = 1;
	classes = {
	};
	objectVersion = 46;
	objects = {

/* Begin PBXBuildFile section */
		3F2600EE1C1D615500023B78 /* LightingLesson.mm in Sources */ = {isa = PBXBuildFile; fileRef = 3F2600ED1C1D615500023B78 /* LightingLesson.mm */; };
		3F2600F01C1D9ECC00023B78 /* SimpleLighting.vert in Resources */ = {isa = PBXBuildFile; fileRef = 3F2600EF1C1D9ECC00023B78 /* SimpleLighting.vert */; };
		3F2DC48A1C1C89DD005D439E /* GLESOneView.m in Sources */ = {isa = PBXBuildFile; fileRef = 3F2DC4841C1C89DD005D439E /* GLESOneView.m */; };
		3F2DC48B1C1C89DD005D439E /* GLESTwoView.m in Sources */ = {isa = PBXBuildFile; fileRef = 3F2DC4861C1C89DD005D439E /* GLESTwoView.m */; };
		3F2DC48C1C1C89DD005D439E /* GLView.m in Sources */ = {isa = PBXBuildFile; fileRef = 3F2DC4891C1C89DD005D439E /* GLView.m */; };
		3F2DC4901C1C8A16005D439E /* ViewController.m in Sources */ = {isa = PBXBuildFile; fileRef = 3F2DC48F1C1C8A16005D439E /* ViewController.m */; };
		3F2DC4931C1CB4B0005D439E /* ParametricSurface.cpp in Sources */ = {isa = PBXBuildFile; fileRef = 3F2DC4911C1CB4B0005D439E /* ParametricSurface.cpp */; };
		3F2DC4991C1CC795005D439E /* ParametricSurfaceRepresentation.mm in Sources */ = {isa = PBXBuildFile; fileRef = 3F2DC4981C1CC795005D439E /* ParametricSurfaceRepresentation.mm */; };
		471977C41BF4D764000460CE /* CubeMotionRotationLesson.mm in Sources */ = {isa = PBXBuildFile; fileRef = 471977C31BF4D764000460CE /* CubeMotionRotationLesson.mm */; };
		471977CA1BF4DBB4000460CE /* GLHelperStructs.c in Sources */ = {isa = PBXBuildFile; fileRef = 471977C91BF4DBB4000460CE /* GLHelperStructs.c */; };
		471977CC1BF4DDC8000460CE /* CoreMotion.framework in Frameworks */ = {isa = PBXBuildFile; fileRef = 471977CB1BF4DDC8000460CE /* CoreMotion.framework */; };
		47988C2A1BF20EBE00309193 /* Simple.vert in Resources */ = {isa = PBXBuildFile; fileRef = 47988C291BF20EBE00309193 /* Simple.vert */; };
		47988C2C1BF20EC500309193 /* Simple.frag in Resources */ = {isa = PBXBuildFile; fileRef = 47988C2B1BF20EC500309193 /* Simple.frag */; };
		47988C2F1BF20FED00309193 /* ShadersBuilder.m in Sources */ = {isa = PBXBuildFile; fileRef = 47988C2E1BF20FED00309193 /* ShadersBuilder.m */; };
		47E1B24F1BECF25C0092D2BF /* main.m in Sources */ = {isa = PBXBuildFile; fileRef = 47E1B24E1BECF25C0092D2BF /* main.m */; };
		47E1B2521BECF25C0092D2BF /* AppDelegate.m in Sources */ = {isa = PBXBuildFile; fileRef = 47E1B2511BECF25C0092D2BF /* AppDelegate.m */; };
		47E1B2581BECF25C0092D2BF /* Main.storyboard in Resources */ = {isa = PBXBuildFile; fileRef = 47E1B2561BECF25C0092D2BF /* Main.storyboard */; };
		47E1B25A1BECF25C0092D2BF /* Assets.xcassets in Resources */ = {isa = PBXBuildFile; fileRef = 47E1B2591BECF25C0092D2BF /* Assets.xcassets */; };
		47E1B25D1BECF25C0092D2BF /* LaunchScreen.storyboard in Resources */ = {isa = PBXBuildFile; fileRef = 47E1B25B1BECF25C0092D2BF /* LaunchScreen.storyboard */; };
		47E1B2681BECF2880092D2BF /* OpenGLES.framework in Frameworks */ = {isa = PBXBuildFile; fileRef = 47E1B2671BECF2880092D2BF /* OpenGLES.framework */; };
		47E1B26A1BECF28E0092D2BF /* QuartzCore.framework in Frameworks */ = {isa = PBXBuildFile; fileRef = 47E1B2691BECF28E0092D2BF /* QuartzCore.framework */; };
		47E1B27B1BED05370092D2BF /* SquareLesson.m in Sources */ = {isa = PBXBuildFile; fileRef = 47E1B27A1BED05370092D2BF /* SquareLesson.m */; };
		47E257391BF5DAF9002E28D1 /* CubeLessonOES.mm in Sources */ = {isa = PBXBuildFile; fileRef = 47E257381BF5DAF9002E28D1 /* CubeLessonOES.mm */; };
		47E2573D1BF5F422002E28D1 /* CubeAnimation.mm in Sources */ = {isa = PBXBuildFile; fileRef = 47E2573C1BF5F422002E28D1 /* CubeAnimation.mm */; };
		47E2837F1BF488CA00EB1807 /* CubeLesson.mm in Sources */ = {isa = PBXBuildFile; fileRef = 47E2837E1BF488CA00EB1807 /* CubeLesson.mm */; };
/* End PBXBuildFile section */

/* Begin PBXFileReference section */
		3F2600EC1C1D615500023B78 /* LightingLesson.h */ = {isa = PBXFileReference; fileEncoding = 4; lastKnownFileType = sourcecode.c.h; path = LightingLesson.h; sourceTree = "<group>"; };
		3F2600ED1C1D615500023B78 /* LightingLesson.mm */ = {isa = PBXFileReference; fileEncoding = 4; lastKnownFileType = sourcecode.cpp.objcpp; path = LightingLesson.mm; sourceTree = "<group>"; };
		3F2600EF1C1D9ECC00023B78 /* SimpleLighting.vert */ = {isa = PBXFileReference; fileEncoding = 4; lastKnownFileType = sourcecode.glsl; path = SimpleLighting.vert; sourceTree = "<group>"; };
		3F2DC4831C1C89DD005D439E /* GLESOneView.h */ = {isa = PBXFileReference; fileEncoding = 4; lastKnownFileType = sourcecode.c.h; path = GLESOneView.h; sourceTree = "<group>"; };
		3F2DC4841C1C89DD005D439E /* GLESOneView.m */ = {isa = PBXFileReference; fileEncoding = 4; lastKnownFileType = sourcecode.c.objc; path = GLESOneView.m; sourceTree = "<group>"; };
		3F2DC4851C1C89DD005D439E /* GLESTwoView.h */ = {isa = PBXFileReference; fileEncoding = 4; lastKnownFileType = sourcecode.c.h; path = GLESTwoView.h; sourceTree = "<group>"; };
		3F2DC4861C1C89DD005D439E /* GLESTwoView.m */ = {isa = PBXFileReference; fileEncoding = 4; lastKnownFileType = sourcecode.c.objc; path = GLESTwoView.m; sourceTree = "<group>"; };
		3F2DC4871C1C89DD005D439E /* GLESViewProtocol.h */ = {isa = PBXFileReference; fileEncoding = 4; lastKnownFileType = sourcecode.c.h; path = GLESViewProtocol.h; sourceTree = "<group>"; };
		3F2DC4881C1C89DD005D439E /* GLView.h */ = {isa = PBXFileReference; fileEncoding = 4; lastKnownFileType = sourcecode.c.h; path = GLView.h; sourceTree = "<group>"; };
		3F2DC4891C1C89DD005D439E /* GLView.m */ = {isa = PBXFileReference; fileEncoding = 4; lastKnownFileType = sourcecode.c.objc; path = GLView.m; sourceTree = "<group>"; };
		3F2DC48E1C1C8A16005D439E /* ViewController.h */ = {isa = PBXFileReference; fileEncoding = 4; lastKnownFileType = sourcecode.c.h; path = ViewController.h; sourceTree = "<group>"; };
		3F2DC48F1C1C8A16005D439E /* ViewController.m */ = {isa = PBXFileReference; fileEncoding = 4; lastKnownFileType = sourcecode.c.objc; path = ViewController.m; sourceTree = "<group>"; };
		3F2DC4911C1CB4B0005D439E /* ParametricSurface.cpp */ = {isa = PBXFileReference; fileEncoding = 4; lastKnownFileType = sourcecode.cpp.cpp; path = ParametricSurface.cpp; sourceTree = "<group>"; };
		3F2DC4921C1CB4B0005D439E /* ParametricSurface.hpp */ = {isa = PBXFileReference; fileEncoding = 4; lastKnownFileType = sourcecode.cpp.h; path = ParametricSurface.hpp; sourceTree = "<group>"; };
		3F2DC4941C1CC4C2005D439E /* libstdc++.tbd */ = {isa = PBXFileReference; lastKnownFileType = "sourcecode.text-based-dylib-definition"; name = "libstdc++.tbd"; path = "usr/lib/libstdc++.tbd"; sourceTree = SDKROOT; };
		3F2DC4961C1CC76C005D439E /* ParametricEquations.hpp */ = {isa = PBXFileReference; lastKnownFileType = sourcecode.cpp.h; path = ParametricEquations.hpp; sourceTree = "<group>"; };
		3F2DC4971C1CC795005D439E /* ParametricSurfaceRepresentation.h */ = {isa = PBXFileReference; fileEncoding = 4; lastKnownFileType = sourcecode.c.h; path = ParametricSurfaceRepresentation.h; sourceTree = "<group>"; };
		3F2DC4981C1CC795005D439E /* ParametricSurfaceRepresentation.mm */ = {isa = PBXFileReference; fileEncoding = 4; lastKnownFileType = sourcecode.cpp.objcpp; path = ParametricSurfaceRepresentation.mm; sourceTree = "<group>"; };
		3FEFCB6A1C1F6A32009ABD3C /* LightningStruct.h */ = {isa = PBXFileReference; lastKnownFileType = sourcecode.c.h; path = LightningStruct.h; sourceTree = "<group>"; };
		471977B91BF4B5E5000460CE /* Quaternion.hpp */ = {isa = PBXFileReference; fileEncoding = 4; lastKnownFileType = sourcecode.cpp.h; path = Quaternion.hpp; sourceTree = "<group>"; };
		471977BA1BF4B5E5000460CE /* Matrix.hpp */ = {isa = PBXFileReference; fileEncoding = 4; lastKnownFileType = sourcecode.cpp.h; path = Matrix.hpp; sourceTree = "<group>"; };
		471977BB1BF4B5E5000460CE /* Vector.hpp */ = {isa = PBXFileReference; fileEncoding = 4; lastKnownFileType = sourcecode.cpp.h; path = Vector.hpp; sourceTree = "<group>"; };
		471977BF1BF4BE94000460CE /* GLHelperStructs.h */ = {isa = PBXFileReference; fileEncoding = 4; lastKnownFileType = sourcecode.c.h; path = GLHelperStructs.h; sourceTree = "<group>"; };
		471977C21BF4D764000460CE /* CubeMotionRotationLesson.h */ = {isa = PBXFileReference; fileEncoding = 4; lastKnownFileType = sourcecode.c.h; path = CubeMotionRotationLesson.h; sourceTree = "<group>"; };
		471977C31BF4D764000460CE /* CubeMotionRotationLesson.mm */ = {isa = PBXFileReference; fileEncoding = 4; lastKnownFileType = sourcecode.cpp.objcpp; path = CubeMotionRotationLesson.mm; sourceTree = "<group>"; };
		471977C91BF4DBB4000460CE /* GLHelperStructs.c */ = {isa = PBXFileReference; fileEncoding = 4; lastKnownFileType = sourcecode.c.c; path = GLHelperStructs.c; sourceTree = "<group>"; };
		471977CB1BF4DDC8000460CE /* CoreMotion.framework */ = {isa = PBXFileReference; lastKnownFileType = wrapper.framework; name = CoreMotion.framework; path = System/Library/Frameworks/CoreMotion.framework; sourceTree = SDKROOT; };
		47988C291BF20EBE00309193 /* Simple.vert */ = {isa = PBXFileReference; fileEncoding = 4; lastKnownFileType = sourcecode.glsl; path = Simple.vert; sourceTree = "<group>"; };
		47988C2B1BF20EC500309193 /* Simple.frag */ = {isa = PBXFileReference; fileEncoding = 4; lastKnownFileType = sourcecode.glsl; path = Simple.frag; sourceTree = "<group>"; };
		47988C2D1BF20FED00309193 /* ShadersBuilder.h */ = {isa = PBXFileReference; fileEncoding = 4; lastKnownFileType = sourcecode.c.h; path = ShadersBuilder.h; sourceTree = "<group>"; };
		47988C2E1BF20FED00309193 /* ShadersBuilder.m */ = {isa = PBXFileReference; fileEncoding = 4; lastKnownFileType = sourcecode.c.objc; path = ShadersBuilder.m; sourceTree = "<group>"; };
		47E1B24A1BECF25C0092D2BF /* OpenGLESTutorials.app */ = {isa = PBXFileReference; explicitFileType = wrapper.application; includeInIndex = 0; path = OpenGLESTutorials.app; sourceTree = BUILT_PRODUCTS_DIR; };
		47E1B24E1BECF25C0092D2BF /* main.m */ = {isa = PBXFileReference; lastKnownFileType = sourcecode.c.objc; path = main.m; sourceTree = "<group>"; };
		47E1B2501BECF25C0092D2BF /* AppDelegate.h */ = {isa = PBXFileReference; lastKnownFileType = sourcecode.c.h; path = AppDelegate.h; sourceTree = "<group>"; };
		47E1B2511BECF25C0092D2BF /* AppDelegate.m */ = {isa = PBXFileReference; lastKnownFileType = sourcecode.c.objc; path = AppDelegate.m; sourceTree = "<group>"; };
		47E1B2571BECF25C0092D2BF /* Base */ = {isa = PBXFileReference; lastKnownFileType = file.storyboard; name = Base; path = Base.lproj/Main.storyboard; sourceTree = "<group>"; };
		47E1B2591BECF25C0092D2BF /* Assets.xcassets */ = {isa = PBXFileReference; lastKnownFileType = folder.assetcatalog; path = Assets.xcassets; sourceTree = "<group>"; };
		47E1B25C1BECF25C0092D2BF /* Base */ = {isa = PBXFileReference; lastKnownFileType = file.storyboard; name = Base; path = Base.lproj/LaunchScreen.storyboard; sourceTree = "<group>"; };
		47E1B25E1BECF25C0092D2BF /* Info.plist */ = {isa = PBXFileReference; lastKnownFileType = text.plist.xml; path = Info.plist; sourceTree = "<group>"; };
		47E1B2671BECF2880092D2BF /* OpenGLES.framework */ = {isa = PBXFileReference; lastKnownFileType = wrapper.framework; name = OpenGLES.framework; path = System/Library/Frameworks/OpenGLES.framework; sourceTree = SDKROOT; };
		47E1B2691BECF28E0092D2BF /* QuartzCore.framework */ = {isa = PBXFileReference; lastKnownFileType = wrapper.framework; name = QuartzCore.framework; path = System/Library/Frameworks/QuartzCore.framework; sourceTree = SDKROOT; };
		47E1B2791BED05370092D2BF /* SquareLesson.h */ = {isa = PBXFileReference; fileEncoding = 4; lastKnownFileType = sourcecode.c.h; path = SquareLesson.h; sourceTree = "<group>"; };
		47E1B27A1BED05370092D2BF /* SquareLesson.m */ = {isa = PBXFileReference; fileEncoding = 4; lastKnownFileType = sourcecode.c.objc; path = SquareLesson.m; sourceTree = "<group>"; };
		47E1B27F1BED05890092D2BF /* LessonProtocol.h */ = {isa = PBXFileReference; fileEncoding = 4; lastKnownFileType = sourcecode.c.h; path = LessonProtocol.h; sourceTree = "<group>"; };
		47E1B2801BED07130092D2BF /* Tutorials.h */ = {isa = PBXFileReference; lastKnownFileType = sourcecode.c.h; name = Tutorials.h; path = OpenGLESTutorials/Tutorials.h; sourceTree = "<group>"; };
		47E1B2811BED07530092D2BF /* PrefixHeader.pch */ = {isa = PBXFileReference; lastKnownFileType = sourcecode.c.h; path = PrefixHeader.pch; sourceTree = "<group>"; };
		47E257371BF5DAF9002E28D1 /* CubeLessonOES.h */ = {isa = PBXFileReference; fileEncoding = 4; lastKnownFileType = sourcecode.c.h; path = CubeLessonOES.h; sourceTree = "<group>"; };
		47E257381BF5DAF9002E28D1 /* CubeLessonOES.mm */ = {isa = PBXFileReference; fileEncoding = 4; lastKnownFileType = sourcecode.cpp.objcpp; path = CubeLessonOES.mm; sourceTree = "<group>"; };
		47E2573B1BF5F422002E28D1 /* CubeAnimation.h */ = {isa = PBXFileReference; fileEncoding = 4; lastKnownFileType = sourcecode.c.h; path = CubeAnimation.h; sourceTree = "<group>"; };
		47E2573C1BF5F422002E28D1 /* CubeAnimation.mm */ = {isa = PBXFileReference; fileEncoding = 4; lastKnownFileType = sourcecode.cpp.objcpp; path = CubeAnimation.mm; sourceTree = "<group>"; };
		47E2837C1BF4886C00EB1807 /* CubeModel.h */ = {isa = PBXFileReference; fileEncoding = 4; lastKnownFileType = sourcecode.c.h; path = CubeModel.h; sourceTree = "<group>"; };
		47E2837D1BF488CA00EB1807 /* CubeLesson.h */ = {isa = PBXFileReference; fileEncoding = 4; lastKnownFileType = sourcecode.c.h; path = CubeLesson.h; sourceTree = "<group>"; };
		47E2837E1BF488CA00EB1807 /* CubeLesson.mm */ = {isa = PBXFileReference; fileEncoding = 4; lastKnownFileType = sourcecode.cpp.objcpp; path = CubeLesson.mm; sourceTree = "<group>"; };
		47E283801BF4900300EB1807 /* SquareModel.h */ = {isa = PBXFileReference; fileEncoding = 4; lastKnownFileType = sourcecode.c.h; path = SquareModel.h; sourceTree = "<group>"; };
/* End PBXFileReference section */

/* Begin PBXFrameworksBuildPhase section */
		47E1B2471BECF25C0092D2BF /* Frameworks */ = {
			isa = PBXFrameworksBuildPhase;
			buildActionMask = 2147483647;
			files = (
				471977CC1BF4DDC8000460CE /* CoreMotion.framework in Frameworks */,
				47E1B26A1BECF28E0092D2BF /* QuartzCore.framework in Frameworks */,
				47E1B2681BECF2880092D2BF /* OpenGLES.framework in Frameworks */,
			);
			runOnlyForDeploymentPostprocessing = 0;
		};
/* End PBXFrameworksBuildPhase section */

/* Begin PBXGroup section */
		3F2DC4821C1C897B005D439E /* GLViews */ = {
			isa = PBXGroup;
			children = (
				3F2DC4831C1C89DD005D439E /* GLESOneView.h */,
				3F2DC4841C1C89DD005D439E /* GLESOneView.m */,
				3F2DC4851C1C89DD005D439E /* GLESTwoView.h */,
				3F2DC4861C1C89DD005D439E /* GLESTwoView.m */,
				3F2DC4871C1C89DD005D439E /* GLESViewProtocol.h */,
				3F2DC4881C1C89DD005D439E /* GLView.h */,
				3F2DC4891C1C89DD005D439E /* GLView.m */,
			);
			path = GLViews;
			sourceTree = "<group>";
		};
		3F2DC48D1C1C89E6005D439E /* ViewControllers */ = {
			isa = PBXGroup;
			children = (
				3F2DC48E1C1C8A16005D439E /* ViewController.h */,
				3F2DC48F1C1C8A16005D439E /* ViewController.m */,
			);
			path = ViewControllers;
			sourceTree = "<group>";
		};
		47988C281BF20EA500309193 /* Shaders */ = {
			isa = PBXGroup;
			children = (
				47988C2D1BF20FED00309193 /* ShadersBuilder.h */,
				47988C2E1BF20FED00309193 /* ShadersBuilder.m */,
				47988C291BF20EBE00309193 /* Simple.vert */,
				47988C2B1BF20EC500309193 /* Simple.frag */,
				3F2600EF1C1D9ECC00023B78 /* SimpleLighting.vert */,
			);
			path = Shaders;
			sourceTree = "<group>";
		};
		47E1B2411BECF25C0092D2BF = {
			isa = PBXGroup;
			children = (
				47E1B2801BED07130092D2BF /* Tutorials.h */,
				47E1B2811BED07530092D2BF /* PrefixHeader.pch */,
				47E1B24C1BECF25C0092D2BF /* OpenGLESTutorials */,
				47E2573A1BF5DC31002E28D1 /* Frameworks */,
				47E1B24B1BECF25C0092D2BF /* Products */,
			);
			sourceTree = "<group>";
		};
		47E1B24B1BECF25C0092D2BF /* Products */ = {
			isa = PBXGroup;
			children = (
				47E1B24A1BECF25C0092D2BF /* OpenGLESTutorials.app */,
			);
			name = Products;
			sourceTree = "<group>";
		};
		47E1B24C1BECF25C0092D2BF /* OpenGLESTutorials */ = {
			isa = PBXGroup;
			children = (
				47E283811BF4911A00EB1807 /* OpenGL Helpers */,
				47E2837B1BF4885D00EB1807 /* Models */,
				47988C281BF20EA500309193 /* Shaders */,
				47E1B2781BED050E0092D2BF /* Tutorials */,
				3F2DC48D1C1C89E6005D439E /* ViewControllers */,
				47E1B2501BECF25C0092D2BF /* AppDelegate.h */,
				47E1B2511BECF25C0092D2BF /* AppDelegate.m */,
				47E1B2561BECF25C0092D2BF /* Main.storyboard */,
				47E1B2591BECF25C0092D2BF /* Assets.xcassets */,
				47E1B25B1BECF25C0092D2BF /* LaunchScreen.storyboard */,
				47E1B25E1BECF25C0092D2BF /* Info.plist */,
				47E1B24D1BECF25C0092D2BF /* Supporting Files */,
			);
			path = OpenGLESTutorials;
			sourceTree = "<group>";
		};
		47E1B24D1BECF25C0092D2BF /* Supporting Files */ = {
			isa = PBXGroup;
			children = (
				47E1B24E1BECF25C0092D2BF /* main.m */,
			);
			name = "Supporting Files";
			sourceTree = "<group>";
		};
		47E1B2781BED050E0092D2BF /* Tutorials */ = {
			isa = PBXGroup;
			children = (
				47E1B27F1BED05890092D2BF /* LessonProtocol.h */,
				47E1B27C1BED053A0092D2BF /* GLES 1 */,
				47E1B27D1BED053F0092D2BF /* GLES 2 */,
			);
			path = Tutorials;
			sourceTree = "<group>";
		};
		47E1B27C1BED053A0092D2BF /* GLES 1 */ = {
			isa = PBXGroup;
			children = (
				47E257371BF5DAF9002E28D1 /* CubeLessonOES.h */,
				47E257381BF5DAF9002E28D1 /* CubeLessonOES.mm */,
				3F2600EC1C1D615500023B78 /* LightingLesson.h */,
				3F2600ED1C1D615500023B78 /* LightingLesson.mm */,
			);
			path = "GLES 1";
			sourceTree = "<group>";
		};
		47E1B27D1BED053F0092D2BF /* GLES 2 */ = {
			isa = PBXGroup;
			children = (
				47E1B2791BED05370092D2BF /* SquareLesson.h */,
				47E1B27A1BED05370092D2BF /* SquareLesson.m */,
				47E2837D1BF488CA00EB1807 /* CubeLesson.h */,
				47E2837E1BF488CA00EB1807 /* CubeLesson.mm */,
				471977C21BF4D764000460CE /* CubeMotionRotationLesson.h */,
				471977C31BF4D764000460CE /* CubeMotionRotationLesson.mm */,
				47E2573B1BF5F422002E28D1 /* CubeAnimation.h */,
				47E2573C1BF5F422002E28D1 /* CubeAnimation.mm */,
				3F2DC4971C1CC795005D439E /* ParametricSurfaceRepresentation.h */,
				3F2DC4981C1CC795005D439E /* ParametricSurfaceRepresentation.mm */,
			);
			path = "GLES 2";
			sourceTree = "<group>";
		};
		47E2573A1BF5DC31002E28D1 /* Frameworks */ = {
			isa = PBXGroup;
			children = (
				3F2DC4941C1CC4C2005D439E /* libstdc++.tbd */,
				471977CB1BF4DDC8000460CE /* CoreMotion.framework */,
				47E1B2691BECF28E0092D2BF /* QuartzCore.framework */,
				47E1B2671BECF2880092D2BF /* OpenGLES.framework */,
			);
			name = Frameworks;
			sourceTree = "<group>";
		};
		47E2837B1BF4885D00EB1807 /* Models */ = {
			isa = PBXGroup;
			children = (
				47E2837C1BF4886C00EB1807 /* CubeModel.h */,
				47E283801BF4900300EB1807 /* SquareModel.h */,
				3F2DC4961C1CC76C005D439E /* ParametricEquations.hpp */,
				3F2DC4911C1CB4B0005D439E /* ParametricSurface.cpp */,
				3F2DC4921C1CB4B0005D439E /* ParametricSurface.hpp */,
			);
			path = Models;
			sourceTree = "<group>";
		};
		47E283811BF4911A00EB1807 /* OpenGL Helpers */ = {
			isa = PBXGroup;
			children = (
				3F2DC4821C1C897B005D439E /* GLViews */,
				471977B91BF4B5E5000460CE /* Quaternion.hpp */,
				471977BA1BF4B5E5000460CE /* Matrix.hpp */,
				471977BB1BF4B5E5000460CE /* Vector.hpp */,
				471977BF1BF4BE94000460CE /* GLHelperStructs.h */,
				471977C91BF4DBB4000460CE /* GLHelperStructs.c */,
				3FEFCB6A1C1F6A32009ABD3C /* LightningStruct.h */,
			);
			path = "OpenGL Helpers";
			sourceTree = "<group>";
		};
/* End PBXGroup section */

/* Begin PBXNativeTarget section */
		47E1B2491BECF25C0092D2BF /* OpenGLESTutorials */ = {
			isa = PBXNativeTarget;
			buildConfigurationList = 47E1B2611BECF25C0092D2BF /* Build configuration list for PBXNativeTarget "OpenGLESTutorials" */;
			buildPhases = (
				47E1B2461BECF25C0092D2BF /* Sources */,
				47E1B2471BECF25C0092D2BF /* Frameworks */,
				47E1B2481BECF25C0092D2BF /* Resources */,
			);
			buildRules = (
			);
			dependencies = (
			);
			name = OpenGLESTutorials;
			productName = HelloCone;
			productReference = 47E1B24A1BECF25C0092D2BF /* OpenGLESTutorials.app */;
			productType = "com.apple.product-type.application";
		};
/* End PBXNativeTarget section */

/* Begin PBXProject section */
		47E1B2421BECF25C0092D2BF /* Project object */ = {
			isa = PBXProject;
			attributes = {
				LastUpgradeCheck = 0710;
				ORGANIZATIONNAME = "Evghenii Nicolaev";
				TargetAttributes = {
					47E1B2491BECF25C0092D2BF = {
						CreatedOnToolsVersion = 7.1;
					};
				};
			};
			buildConfigurationList = 47E1B2451BECF25C0092D2BF /* Build configuration list for PBXProject "OpenGLESTutorials" */;
			compatibilityVersion = "Xcode 3.2";
			developmentRegion = English;
			hasScannedForEncodings = 0;
			knownRegions = (
				en,
				Base,
			);
			mainGroup = 47E1B2411BECF25C0092D2BF;
			productRefGroup = 47E1B24B1BECF25C0092D2BF /* Products */;
			projectDirPath = "";
			projectRoot = "";
			targets = (
				47E1B2491BECF25C0092D2BF /* OpenGLESTutorials */,
			);
		};
/* End PBXProject section */

/* Begin PBXResourcesBuildPhase section */
		47E1B2481BECF25C0092D2BF /* Resources */ = {
			isa = PBXResourcesBuildPhase;
			buildActionMask = 2147483647;
			files = (
				47988C2C1BF20EC500309193 /* Simple.frag in Resources */,
				47988C2A1BF20EBE00309193 /* Simple.vert in Resources */,
				47E1B25D1BECF25C0092D2BF /* LaunchScreen.storyboard in Resources */,
				47E1B25A1BECF25C0092D2BF /* Assets.xcassets in Resources */,
				3F2600F01C1D9ECC00023B78 /* SimpleLighting.vert in Resources */,
				47E1B2581BECF25C0092D2BF /* Main.storyboard in Resources */,
			);
			runOnlyForDeploymentPostprocessing = 0;
		};
/* End PBXResourcesBuildPhase section */

/* Begin PBXSourcesBuildPhase section */
		47E1B2461BECF25C0092D2BF /* Sources */ = {
			isa = PBXSourcesBuildPhase;
			buildActionMask = 2147483647;
			files = (
				471977C41BF4D764000460CE /* CubeMotionRotationLesson.mm in Sources */,
				3F2DC4931C1CB4B0005D439E /* ParametricSurface.cpp in Sources */,
				3F2DC4991C1CC795005D439E /* ParametricSurfaceRepresentation.mm in Sources */,
				3F2DC48C1C1C89DD005D439E /* GLView.m in Sources */,
				47E257391BF5DAF9002E28D1 /* CubeLessonOES.mm in Sources */,
				3F2600EE1C1D615500023B78 /* LightingLesson.mm in Sources */,
				3F2DC48A1C1C89DD005D439E /* GLESOneView.m in Sources */,
				3F2DC48B1C1C89DD005D439E /* GLESTwoView.m in Sources */,
				471977CA1BF4DBB4000460CE /* GLHelperStructs.c in Sources */,
				3F2DC4901C1C8A16005D439E /* ViewController.m in Sources */,
				47E2837F1BF488CA00EB1807 /* CubeLesson.mm in Sources */,
				47E1B2521BECF25C0092D2BF /* AppDelegate.m in Sources */,
				47988C2F1BF20FED00309193 /* ShadersBuilder.m in Sources */,
				47E1B27B1BED05370092D2BF /* SquareLesson.m in Sources */,
				47E2573D1BF5F422002E28D1 /* CubeAnimation.mm in Sources */,
				47E1B24F1BECF25C0092D2BF /* main.m in Sources */,
			);
			runOnlyForDeploymentPostprocessing = 0;
		};
/* End PBXSourcesBuildPhase section */

/* Begin PBXVariantGroup section */
		47E1B2561BECF25C0092D2BF /* Main.storyboard */ = {
			isa = PBXVariantGroup;
			children = (
				47E1B2571BECF25C0092D2BF /* Base */,
			);
			name = Main.storyboard;
			sourceTree = "<group>";
		};
		47E1B25B1BECF25C0092D2BF /* LaunchScreen.storyboard */ = {
			isa = PBXVariantGroup;
			children = (
				47E1B25C1BECF25C0092D2BF /* Base */,
			);
			name = LaunchScreen.storyboard;
			sourceTree = "<group>";
		};
/* End PBXVariantGroup section */

/* Begin XCBuildConfiguration section */
		47E1B25F1BECF25C0092D2BF /* Debug */ = {
			isa = XCBuildConfiguration;
			buildSettings = {
				ALWAYS_SEARCH_USER_PATHS = NO;
				CLANG_CXX_LANGUAGE_STANDARD = "gnu++0x";
				CLANG_CXX_LIBRARY = "libc++";
				CLANG_ENABLE_MODULES = YES;
				CLANG_ENABLE_OBJC_ARC = YES;
				CLANG_WARN_BOOL_CONVERSION = YES;
				CLANG_WARN_CONSTANT_CONVERSION = YES;
				CLANG_WARN_DIRECT_OBJC_ISA_USAGE = YES_ERROR;
				CLANG_WARN_EMPTY_BODY = YES;
				CLANG_WARN_ENUM_CONVERSION = YES;
				CLANG_WARN_INT_CONVERSION = YES;
				CLANG_WARN_OBJC_ROOT_CLASS = YES_ERROR;
				CLANG_WARN_UNREACHABLE_CODE = YES;
				CLANG_WARN__DUPLICATE_METHOD_MATCH = YES;
				"CODE_SIGN_IDENTITY[sdk=iphoneos*]" = "iPhone Developer";
				COPY_PHASE_STRIP = NO;
				DEBUG_INFORMATION_FORMAT = dwarf;
				ENABLE_STRICT_OBJC_MSGSEND = YES;
				ENABLE_TESTABILITY = YES;
				GCC_C_LANGUAGE_STANDARD = gnu99;
				GCC_DYNAMIC_NO_PIC = NO;
				GCC_NO_COMMON_BLOCKS = YES;
				GCC_OPTIMIZATION_LEVEL = 0;
				GCC_PREPROCESSOR_DEFINITIONS = (
					"DEBUG=1",
					"$(inherited)",
				);
				GCC_WARN_64_TO_32_BIT_CONVERSION = YES;
				GCC_WARN_ABOUT_RETURN_TYPE = YES_ERROR;
				GCC_WARN_UNDECLARED_SELECTOR = YES;
				GCC_WARN_UNINITIALIZED_AUTOS = YES_AGGRESSIVE;
				GCC_WARN_UNUSED_FUNCTION = YES;
				GCC_WARN_UNUSED_VARIABLE = YES;
				IPHONEOS_DEPLOYMENT_TARGET = 9.1;
				MTL_ENABLE_DEBUG_INFO = YES;
				ONLY_ACTIVE_ARCH = YES;
				SDKROOT = iphoneos;
				TARGETED_DEVICE_FAMILY = "1,2";
			};
			name = Debug;
		};
		47E1B2601BECF25C0092D2BF /* Release */ = {
			isa = XCBuildConfiguration;
			buildSettings = {
				ALWAYS_SEARCH_USER_PATHS = NO;
				CLANG_CXX_LANGUAGE_STANDARD = "gnu++0x";
				CLANG_CXX_LIBRARY = "libc++";
				CLANG_ENABLE_MODULES = YES;
				CLANG_ENABLE_OBJC_ARC = YES;
				CLANG_WARN_BOOL_CONVERSION = YES;
				CLANG_WARN_CONSTANT_CONVERSION = YES;
				CLANG_WARN_DIRECT_OBJC_ISA_USAGE = YES_ERROR;
				CLANG_WARN_EMPTY_BODY = YES;
				CLANG_WARN_ENUM_CONVERSION = YES;
				CLANG_WARN_INT_CONVERSION = YES;
				CLANG_WARN_OBJC_ROOT_CLASS = YES_ERROR;
				CLANG_WARN_UNREACHABLE_CODE = YES;
				CLANG_WARN__DUPLICATE_METHOD_MATCH = YES;
				"CODE_SIGN_IDENTITY[sdk=iphoneos*]" = "iPhone Developer";
				COPY_PHASE_STRIP = NO;
				DEBUG_INFORMATION_FORMAT = "dwarf-with-dsym";
				ENABLE_NS_ASSERTIONS = NO;
				ENABLE_STRICT_OBJC_MSGSEND = YES;
				GCC_C_LANGUAGE_STANDARD = gnu99;
				GCC_NO_COMMON_BLOCKS = YES;
				GCC_WARN_64_TO_32_BIT_CONVERSION = YES;
				GCC_WARN_ABOUT_RETURN_TYPE = YES_ERROR;
				GCC_WARN_UNDECLARED_SELECTOR = YES;
				GCC_WARN_UNINITIALIZED_AUTOS = YES_AGGRESSIVE;
				GCC_WARN_UNUSED_FUNCTION = YES;
				GCC_WARN_UNUSED_VARIABLE = YES;
				IPHONEOS_DEPLOYMENT_TARGET = 9.1;
				MTL_ENABLE_DEBUG_INFO = NO;
				SDKROOT = iphoneos;
				TARGETED_DEVICE_FAMILY = "1,2";
				VALIDATE_PRODUCT = YES;
			};
			name = Release;
		};
		47E1B2621BECF25C0092D2BF /* Debug */ = {
			isa = XCBuildConfiguration;
			buildSettings = {
				ASSETCATALOG_COMPILER_APPICON_NAME = AppIcon;
				GCC_PREFIX_HEADER = PrefixHeader.pch;
				INFOPLIST_FILE = OpenGLESTutorials/Info.plist;
				IPHONEOS_DEPLOYMENT_TARGET = 7.0;
				LD_RUNPATH_SEARCH_PATHS = "$(inherited) @executable_path/Frameworks";
				PRODUCT_BUNDLE_IDENTIFIER = com.test.HelloCone;
				PRODUCT_NAME = OpenGLESTutorials;
			};
			name = Debug;
		};
		47E1B2631BECF25C0092D2BF /* Release */ = {
			isa = XCBuildConfiguration;
			buildSettings = {
				ASSETCATALOG_COMPILER_APPICON_NAME = AppIcon;
				GCC_PREFIX_HEADER = PrefixHeader.pch;
				INFOPLIST_FILE = OpenGLESTutorials/Info.plist;
				IPHONEOS_DEPLOYMENT_TARGET = 7.0;
				LD_RUNPATH_SEARCH_PATHS = "$(inherited) @executable_path/Frameworks";
				PRODUCT_BUNDLE_IDENTIFIER = com.test.HelloCone;
				PRODUCT_NAME = OpenGLESTutorials;
			};
			name = Release;
		};
/* End XCBuildConfiguration section */

/* Begin XCConfigurationList section */
		47E1B2451BECF25C0092D2BF /* Build configuration list for PBXProject "OpenGLESTutorials" */ = {
			isa = XCConfigurationList;
			buildConfigurations = (
				47E1B25F1BECF25C0092D2BF /* Debug */,
				47E1B2601BECF25C0092D2BF /* Release */,
			);
			defaultConfigurationIsVisible = 0;
			defaultConfigurationName = Release;
		};
		47E1B2611BECF25C0092D2BF /* Build configuration list for PBXNativeTarget "OpenGLESTutorials" */ = {
			isa = XCConfigurationList;
			buildConfigurations = (
				47E1B2621BECF25C0092D2BF /* Debug */,
				47E1B2631BECF25C0092D2BF /* Release */,
			);
			defaultConfigurationIsVisible = 0;
			defaultConfigurationName = Release;
		};
/* End XCConfigurationList section */
	};
	rootObject = 47E1B2421BECF25C0092D2BF /* Project object */;
}
